
Microsoft Visual Studio Solution File, Format Version 12.00
# Visual Studio Version 17
VisualStudioVersion = 17.5.33530.505
MinimumVisualStudioVersion = 10.0.40219.1
Project("{9A19103F-16F7-4668-BE54-9A1E7A4F7556}") = "Communication.ClientProxy", "ClientProxy\Communication.ClientProxy.csproj", "{ECCD777B-53AA-44FD-A670-25E1BD45F808}"
EndProject
Project("{9A19103F-16F7-4668-BE54-9A1E7A4F7556}") = "Communication.Core", "Core\Communication.Core.csproj", "{103B473D-07F7-4E1B-9BAE-3D5D7FE6D3D5}"
EndProject
Project("{2150E333-8FDC-42A3-9474-1A3956D46DE8}") = "Providers", "Providers", "{94A27974-CF81-4836-A9F3-3B60AE1FF2C6}"
EndProject
Project("{2150E333-8FDC-42A3-9474-1A3956D46DE8}") = "DynamicApi", "DynamicApi", "{77472C7D-7B61-4AF9-A3A4-ADAEDCBE6087}"
EndProject
Project("{2150E333-8FDC-42A3-9474-1A3956D46DE8}") = "Injection", "Injection", "{DFC269F6-157B-461F-B544-9AC01D47AA8B}"
EndProject
Project("{9A19103F-16F7-4668-BE54-9A1E7A4F7556}") = "Communication.DynamicApi.Client", "Providers\DynamicApi\Communication.DynamicApi.Client\Communication.DynamicApi.Client.csproj", "{8E9B3A7C-BC90-4D77-BFE5-513F46E0213A}"
EndProject
Project("{9A19103F-16F7-4668-BE54-9A1E7A4F7556}") = "Communication.DynamicApi.Core", "Providers\DynamicApi\Communication.DynamicApi.Core\Communication.DynamicApi.Core.csproj", "{77B66879-2F72-441A-9D8F-DFCC334385EA}"
EndProject
Project("{9A19103F-16F7-4668-BE54-9A1E7A4F7556}") = "Communication.DynamicApi.Hosting", "Providers\DynamicApi\Communication.DynamicApi.Hosting\Communication.DynamicApi.Hosting.csproj", "{EEA34F21-CD53-481A-9711-5A128555B888}"
EndProject
Project("{9A19103F-16F7-4668-BE54-9A1E7A4F7556}") = "Communication.Injection.Client", "Providers\Injection\Communication.Injection.Client\Communication.Injection.Client.csproj", "{CFFACC3D-E287-4EAB-9D7F-E9BBB3D580B1}"
EndProject
Global
	GlobalSection(SolutionConfigurationPlatforms) = preSolution
		Debug|Any CPU = Debug|Any CPU
		Release|Any CPU = Release|Any CPU
	EndGlobalSection
	GlobalSection(ProjectConfigurationPlatforms) = postSolution
		{ECCD777B-53AA-44FD-A670-25E1BD45F808}.Debug|Any CPU.ActiveCfg = Debug|Any CPU
		{ECCD777B-53AA-44FD-A670-25E1BD45F808}.Debug|Any CPU.Build.0 = Debug|Any CPU
		{ECCD777B-53AA-44FD-A670-25E1BD45F808}.Release|Any CPU.ActiveCfg = Release|Any CPU
		{ECCD777B-53AA-44FD-A670-25E1BD45F808}.Release|Any CPU.Build.0 = Release|Any CPU
		{103B473D-07F7-4E1B-9BAE-3D5D7FE6D3D5}.Debug|Any CPU.ActiveCfg = Debug|Any CPU
		{103B473D-07F7-4E1B-9BAE-3D5D7FE6D3D5}.Debug|Any CPU.Build.0 = Debug|Any CPU
		{103B473D-07F7-4E1B-9BAE-3D5D7FE6D3D5}.Release|Any CPU.ActiveCfg = Release|Any CPU
		{103B473D-07F7-4E1B-9BAE-3D5D7FE6D3D5}.Release|Any CPU.Build.0 = Release|Any CPU
		{8E9B3A7C-BC90-4D77-BFE5-513F46E0213A}.Debug|Any CPU.ActiveCfg = Debug|Any CPU
		{8E9B3A7C-BC90-4D77-BFE5-513F46E0213A}.Debug|Any CPU.Build.0 = Debug|Any CPU
		{8E9B3A7C-BC90-4D77-BFE5-513F46E0213A}.Release|Any CPU.ActiveCfg = Release|Any CPU
		{8E9B3A7C-BC90-4D77-BFE5-513F46E0213A}.Release|Any CPU.Build.0 = Release|Any CPU
		{77B66879-2F72-441A-9D8F-DFCC334385EA}.Debug|Any CPU.ActiveCfg = Debug|Any CPU
		{77B66879-2F72-441A-9D8F-DFCC334385EA}.Debug|Any CPU.Build.0 = Debug|Any CPU
		{77B66879-2F72-441A-9D8F-DFCC334385EA}.Release|Any CPU.ActiveCfg = Release|Any CPU
		{77B66879-2F72-441A-9D8F-DFCC334385EA}.Release|Any CPU.Build.0 = Release|Any CPU
		{EEA34F21-CD53-481A-9711-5A128555B888}.Debug|Any CPU.ActiveCfg = Debug|Any CPU
		{EEA34F21-CD53-481A-9711-5A128555B888}.Debug|Any CPU.Build.0 = Debug|Any CPU
		{EEA34F21-CD53-481A-9711-5A128555B888}.Release|Any CPU.ActiveCfg = Release|Any CPU
		{EEA34F21-CD53-481A-9711-5A128555B888}.Release|Any CPU.Build.0 = Release|Any CPU
		{CFFACC3D-E287-4EAB-9D7F-E9BBB3D580B1}.Debug|Any CPU.ActiveCfg = Debug|Any CPU
		{CFFACC3D-E287-4EAB-9D7F-E9BBB3D580B1}.Debug|Any CPU.Build.0 = Debug|Any CPU
		{CFFACC3D-E287-4EAB-9D7F-E9BBB3D580B1}.Release|Any CPU.ActiveCfg = Release|Any CPU
		{CFFACC3D-E287-4EAB-9D7F-E9BBB3D580B1}.Release|Any CPU.Build.0 = Release|Any CPU
	EndGlobalSection
	GlobalSection(SolutionProperties) = preSolution
		HideSolutionNode = FALSE
	EndGlobalSection
	GlobalSection(NestedProjects) = preSolution
		{77472C7D-7B61-4AF9-A3A4-ADAEDCBE6087} = {94A27974-CF81-4836-A9F3-3B60AE1FF2C6}
		{DFC269F6-157B-461F-B544-9AC01D47AA8B} = {94A27974-CF81-4836-A9F3-3B60AE1FF2C6}
		{8E9B3A7C-BC90-4D77-BFE5-513F46E0213A} = {77472C7D-7B61-4AF9-A3A4-ADAEDCBE6087}
		{77B66879-2F72-441A-9D8F-DFCC334385EA} = {77472C7D-7B61-4AF9-A3A4-ADAEDCBE6087}
		{EEA34F21-CD53-481A-9711-5A128555B888} = {77472C7D-7B61-4AF9-A3A4-ADAEDCBE6087}
		{CFFACC3D-E287-4EAB-9D7F-E9BBB3D580B1} = {DFC269F6-157B-461F-B544-9AC01D47AA8B}
	EndGlobalSection
	GlobalSection(ExtensibilityGlobals) = postSolution
		SolutionGuid = {70B04051-82DD-49B2-8F12-9A60C8E574F7}
	EndGlobalSection
EndGlobal
